
Microsoft Visual Studio Solution File, Format Version 12.00
# Visual Studio Version 16
VisualStudioVersion = 16.0.30503.244
MinimumVisualStudioVersion = 10.0.40219.1
Project("{FAE04EC0-301F-11D3-BF4B-00C04F79EFBC}") = "ModbusSyncStructLIb", "ModbusSyncStructLIb.csproj", "{519C448F-EB2F-46F5-9C30-8F2F1CAD80CF}"
EndProject
Project("{FAE04EC0-301F-11D3-BF4B-00C04F79EFBC}") = "ModbusSynchFormTest", "..\ModbusSynchFormTest\ModbusSynchFormTest.csproj", "{88E24B70-9518-4653-A402-A9C81CA39ABD}"
EndProject
Project("{FAE04EC0-301F-11D3-BF4B-00C04F79EFBC}") = "StructAllforTest", "..\StructAllforTest\StructAllforTest.csproj", "{16CCDD08-7631-4316-BB22-901C8DBD53A3}"
EndProject
Project("{2150E333-8FDC-42A3-9474-1A3956D46DE8}") = "Modbus", "Modbus", "{25B57E4F-6550-4E70-9996-85DFECF3341A}"
EndProject
Project("{9A19103F-16F7-4668-BE54-9A1E7A4F7556}") = "NModbus4", "..\NModbus\NModbus4\NModbus4\NModbus4.csproj", "{4DB0072C-B952-4247-B36D-F9AFD555511F}"
EndProject
Project("{9A19103F-16F7-4668-BE54-9A1E7A4F7556}") = "NModbus4.Serial", "..\NModbus\NModbus4\NModbus4.Serial\NModbus4.Serial.csproj", "{55795B78-4555-4694-85C6-A7F657A27D65}"
EndProject
Global
	GlobalSection(SolutionConfigurationPlatforms) = preSolution
		Debug|Any CPU = Debug|Any CPU
		Release|Any CPU = Release|Any CPU
	EndGlobalSection
	GlobalSection(ProjectConfigurationPlatforms) = postSolution
		{519C448F-EB2F-46F5-9C30-8F2F1CAD80CF}.Debug|Any CPU.ActiveCfg = Debug|Any CPU
		{519C448F-EB2F-46F5-9C30-8F2F1CAD80CF}.Debug|Any CPU.Build.0 = Debug|Any CPU
		{519C448F-EB2F-46F5-9C30-8F2F1CAD80CF}.Release|Any CPU.ActiveCfg = Release|Any CPU
		{519C448F-EB2F-46F5-9C30-8F2F1CAD80CF}.Release|Any CPU.Build.0 = Release|Any CPU
		{88E24B70-9518-4653-A402-A9C81CA39ABD}.Debug|Any CPU.ActiveCfg = Debug|Any CPU
		{88E24B70-9518-4653-A402-A9C81CA39ABD}.Debug|Any CPU.Build.0 = Debug|Any CPU
		{88E24B70-9518-4653-A402-A9C81CA39ABD}.Release|Any CPU.ActiveCfg = Release|Any CPU
		{88E24B70-9518-4653-A402-A9C81CA39ABD}.Release|Any CPU.Build.0 = Release|Any CPU
		{16CCDD08-7631-4316-BB22-901C8DBD53A3}.Debug|Any CPU.ActiveCfg = Debug|Any CPU
		{16CCDD08-7631-4316-BB22-901C8DBD53A3}.Debug|Any CPU.Build.0 = Debug|Any CPU
		{16CCDD08-7631-4316-BB22-901C8DBD53A3}.Release|Any CPU.ActiveCfg = Release|Any CPU
		{16CCDD08-7631-4316-BB22-901C8DBD53A3}.Release|Any CPU.Build.0 = Release|Any CPU
		{4DB0072C-B952-4247-B36D-F9AFD555511F}.Debug|Any CPU.ActiveCfg = Debug|Any CPU
		{4DB0072C-B952-4247-B36D-F9AFD555511F}.Debug|Any CPU.Build.0 = Debug|Any CPU
		{4DB0072C-B952-4247-B36D-F9AFD555511F}.Release|Any CPU.ActiveCfg = Release|Any CPU
		{4DB0072C-B952-4247-B36D-F9AFD555511F}.Release|Any CPU.Build.0 = Release|Any CPU
		{55795B78-4555-4694-85C6-A7F657A27D65}.Debug|Any CPU.ActiveCfg = Debug|Any CPU
		{55795B78-4555-4694-85C6-A7F657A27D65}.Debug|Any CPU.Build.0 = Debug|Any CPU
		{55795B78-4555-4694-85C6-A7F657A27D65}.Release|Any CPU.ActiveCfg = Release|Any CPU
		{55795B78-4555-4694-85C6-A7F657A27D65}.Release|Any CPU.Build.0 = Release|Any CPU
	EndGlobalSection
	GlobalSection(SolutionProperties) = preSolution
		HideSolutionNode = FALSE
	EndGlobalSection
	GlobalSection(NestedProjects) = preSolution
		{4DB0072C-B952-4247-B36D-F9AFD555511F} = {25B57E4F-6550-4E70-9996-85DFECF3341A}
		{55795B78-4555-4694-85C6-A7F657A27D65} = {25B57E4F-6550-4E70-9996-85DFECF3341A}
	EndGlobalSection
	GlobalSection(ExtensibilityGlobals) = postSolution
		SolutionGuid = {F8F0E19B-9F46-4688-8E98-7D4DC42B1BAA}
	EndGlobalSection
EndGlobal
